
Microsoft Visual Studio Solution File, Format Version 12.00
# Visual Studio Version 17
VisualStudioVersion = 17.3.32929.385
MinimumVisualStudioVersion = 10.0.40219.1
Project("{FAE04EC0-301F-11D3-BF4B-00C04F79EFBC}") = "Ispan_LinQPractice_WinApp", "Ispan_LinQPractice_WinApp\Ispan_LinQPractice_WinApp.csproj", "{F72CFA40-53D0-4C28-9B69-BECEB69AB171}"
EndProject
Global
	GlobalSection(SolutionConfigurationPlatforms) = preSolution
		Debug|Any CPU = Debug|Any CPU
		Release|Any CPU = Release|Any CPU
	EndGlobalSection
	GlobalSection(ProjectConfigurationPlatforms) = postSolution
		{F72CFA40-53D0-4C28-9B69-BECEB69AB171}.Debug|Any CPU.ActiveCfg = Debug|Any CPU
		{F72CFA40-53D0-4C28-9B69-BECEB69AB171}.Debug|Any CPU.Build.0 = Debug|Any CPU
		{F72CFA40-53D0-4C28-9B69-BECEB69AB171}.Release|Any CPU.ActiveCfg = Release|Any CPU
		{F72CFA40-53D0-4C28-9B69-BECEB69AB171}.Release|Any CPU.Build.0 = Release|Any CPU
	EndGlobalSection
	GlobalSection(SolutionProperties) = preSolution
		HideSolutionNode = FALSE
	EndGlobalSection
	GlobalSection(ExtensibilityGlobals) = postSolution
		SolutionGuid = {085192BB-C419-487E-A1FE-C4E8154C4CDE}
	EndGlobalSection
EndGlobal
